
Microsoft Visual Studio Solution File, Format Version 12.00
# Visual Studio 14
VisualStudioVersion = 14.0.25420.1
MinimumVisualStudioVersion = 10.0.40219.1
Project("{8BC9CEB8-8B4A-11D0-8D11-00A0C91BC942}") = "ShellApplication", "ShellApplication\ShellApplication\ShellApplication.vcxproj", "{8829B19F-0CBE-44B5-9C66-C92ED8E2C694}"
	ProjectSection(ProjectDependencies) = postProject
		{CEADC1B7-AD01-4694-A17B-9E066AFC3ED8} = {CEADC1B7-AD01-4694-A17B-9E066AFC3ED8}
		{436A1BB8-2B07-4E5F-A2E6-3C4B4AAC2C98} = {436A1BB8-2B07-4E5F-A2E6-3C4B4AAC2C98}
		{FC4B90EA-D96C-4CAF-ABF7-8D607362F263} = {FC4B90EA-D96C-4CAF-ABF7-8D607362F263}
	EndProjectSection
EndProject
Project("{8BC9CEB8-8B4A-11D0-8D11-00A0C91BC942}") = "ShellApplicationUI", "ShellApplication\ShellApplicationUI\ShellApplicationUI.vcxproj", "{436A1BB8-2B07-4E5F-A2E6-3C4B4AAC2C98}"
EndProject
Project("{FAE04EC0-301F-11D3-BF4B-00C04F79EFBC}") = "ShellApplication.AboutBoxPackage", "ShellApplication\ShellApplication.AboutBoxPackage\ShellApplication.AboutBoxPackage.csproj", "{FC4B90EA-D96C-4CAF-ABF7-8D607362F263}"
EndProject
Project("{FAE04EC0-301F-11D3-BF4B-00C04F79EFBC}") = "ShellExtensionsVSIX", "ShellApplication\ShellExtensionsVSIX\ShellExtensionsVSIX.csproj", "{CEADC1B7-AD01-4694-A17B-9E066AFC3ED8}"
EndProject
Project("{2150E333-8FDC-42A3-9474-1A3956D46DE8}") = "Solution Items", "Solution Items", "{72791C07-B8B6-4969-860C-28C99109FFA7}"
	ProjectSection(SolutionItems) = preProject
		CHANGELOG.md = CHANGELOG.md
		README.md = README.md
	EndProjectSection
EndProject
Project("{FAE04EC0-301F-11D3-BF4B-00C04F79EFBC}") = "LocateFolder", "LocateFolder\LocateFolder\LocateFolder.csproj", "{A0688B18-C374-44E9-A3E3-13DFE4E5816D}"
EndProject
Global
	GlobalSection(SolutionConfigurationPlatforms) = preSolution
		Debug|Any CPU = Debug|Any CPU
		Debug|x86 = Debug|x86
		Release|Any CPU = Release|Any CPU
		Release|x86 = Release|x86
	EndGlobalSection
	GlobalSection(ProjectConfigurationPlatforms) = postSolution
		{8829B19F-0CBE-44B5-9C66-C92ED8E2C694}.Debug|Any CPU.ActiveCfg = Debug|Win32
		{8829B19F-0CBE-44B5-9C66-C92ED8E2C694}.Debug|x86.ActiveCfg = Debug|Win32
		{8829B19F-0CBE-44B5-9C66-C92ED8E2C694}.Debug|x86.Build.0 = Debug|Win32
		{8829B19F-0CBE-44B5-9C66-C92ED8E2C694}.Release|Any CPU.ActiveCfg = Release|Win32
		{8829B19F-0CBE-44B5-9C66-C92ED8E2C694}.Release|x86.ActiveCfg = Release|Win32
		{8829B19F-0CBE-44B5-9C66-C92ED8E2C694}.Release|x86.Build.0 = Release|Win32
		{436A1BB8-2B07-4E5F-A2E6-3C4B4AAC2C98}.Debug|Any CPU.ActiveCfg = Debug|Win32
		{436A1BB8-2B07-4E5F-A2E6-3C4B4AAC2C98}.Debug|x86.ActiveCfg = Debug|Win32
		{436A1BB8-2B07-4E5F-A2E6-3C4B4AAC2C98}.Debug|x86.Build.0 = Debug|Win32
		{436A1BB8-2B07-4E5F-A2E6-3C4B4AAC2C98}.Release|Any CPU.ActiveCfg = Release|Win32
		{436A1BB8-2B07-4E5F-A2E6-3C4B4AAC2C98}.Release|x86.ActiveCfg = Release|Win32
		{436A1BB8-2B07-4E5F-A2E6-3C4B4AAC2C98}.Release|x86.Build.0 = Release|Win32
		{FC4B90EA-D96C-4CAF-ABF7-8D607362F263}.Debug|Any CPU.ActiveCfg = Debug|Any CPU
		{FC4B90EA-D96C-4CAF-ABF7-8D607362F263}.Debug|Any CPU.Build.0 = Debug|Any CPU
		{FC4B90EA-D96C-4CAF-ABF7-8D607362F263}.Debug|x86.ActiveCfg = Debug|Any CPU
		{FC4B90EA-D96C-4CAF-ABF7-8D607362F263}.Debug|x86.Build.0 = Debug|Any CPU
		{FC4B90EA-D96C-4CAF-ABF7-8D607362F263}.Release|Any CPU.ActiveCfg = Release|Any CPU
		{FC4B90EA-D96C-4CAF-ABF7-8D607362F263}.Release|Any CPU.Build.0 = Release|Any CPU
		{FC4B90EA-D96C-4CAF-ABF7-8D607362F263}.Release|x86.ActiveCfg = Release|Any CPU
		{FC4B90EA-D96C-4CAF-ABF7-8D607362F263}.Release|x86.Build.0 = Release|Any CPU
		{CEADC1B7-AD01-4694-A17B-9E066AFC3ED8}.Debug|Any CPU.ActiveCfg = Debug|Any CPU
		{CEADC1B7-AD01-4694-A17B-9E066AFC3ED8}.Debug|Any CPU.Build.0 = Debug|Any CPU
		{CEADC1B7-AD01-4694-A17B-9E066AFC3ED8}.Debug|x86.ActiveCfg = Debug|Any CPU
		{CEADC1B7-AD01-4694-A17B-9E066AFC3ED8}.Debug|x86.Build.0 = Debug|Any CPU
		{CEADC1B7-AD01-4694-A17B-9E066AFC3ED8}.Release|Any CPU.ActiveCfg = Release|Any CPU
		{CEADC1B7-AD01-4694-A17B-9E066AFC3ED8}.Release|Any CPU.Build.0 = Release|Any CPU
		{CEADC1B7-AD01-4694-A17B-9E066AFC3ED8}.Release|x86.ActiveCfg = Release|Any CPU
		{CEADC1B7-AD01-4694-A17B-9E066AFC3ED8}.Release|x86.Build.0 = Release|Any CPU
		{A0688B18-C374-44E9-A3E3-13DFE4E5816D}.Debug|Any CPU.ActiveCfg = Debug|Any CPU
		{A0688B18-C374-44E9-A3E3-13DFE4E5816D}.Debug|Any CPU.Build.0 = Debug|Any CPU
		{A0688B18-C374-44E9-A3E3-13DFE4E5816D}.Debug|x86.ActiveCfg = Debug|Any CPU
		{A0688B18-C374-44E9-A3E3-13DFE4E5816D}.Debug|x86.Build.0 = Debug|Any CPU
		{A0688B18-C374-44E9-A3E3-13DFE4E5816D}.Release|Any CPU.ActiveCfg = Release|Any CPU
		{A0688B18-C374-44E9-A3E3-13DFE4E5816D}.Release|Any CPU.Build.0 = Release|Any CPU
		{A0688B18-C374-44E9-A3E3-13DFE4E5816D}.Release|x86.ActiveCfg = Release|Any CPU
		{A0688B18-C374-44E9-A3E3-13DFE4E5816D}.Release|x86.Build.0 = Release|Any CPU
	EndGlobalSection
	GlobalSection(SolutionProperties) = preSolution
		HideSolutionNode = FALSE
	EndGlobalSection
EndGlobal
